
Microsoft Visual Studio Solution File, Format Version 12.00
# Visual Studio Version 17
VisualStudioVersion = 17.10.35122.118
MinimumVisualStudioVersion = 10.0.40219.1
Project("{FAE04EC0-301F-11D3-BF4B-00C04F79EFBC}") = "CustomControlsLibrary", "CustomControlsLibrary\CustomControlsLibrary.csproj", "{E45D4D0C-1BE6-45E2-BB53-C5E44F89F787}"
EndProject
Project("{FAE04EC0-301F-11D3-BF4B-00C04F79EFBC}") = "CustomUserControl", "CustomUserControl\CustomUserControl.csproj", "{3802562A-E247-4A5B-B1BE-67A97C28964B}"
EndProject
Global
	GlobalSection(SolutionConfigurationPlatforms) = preSolution
		Debug|Any CPU = Debug|Any CPU
		Release|Any CPU = Release|Any CPU
	EndGlobalSection
	GlobalSection(ProjectConfigurationPlatforms) = postSolution
		{E45D4D0C-1BE6-45E2-BB53-C5E44F89F787}.Debug|Any CPU.ActiveCfg = Debug|Any CPU
		{E45D4D0C-1BE6-45E2-BB53-C5E44F89F787}.Debug|Any CPU.Build.0 = Debug|Any CPU
		{E45D4D0C-1BE6-45E2-BB53-C5E44F89F787}.Release|Any CPU.ActiveCfg = Release|Any CPU
		{E45D4D0C-1BE6-45E2-BB53-C5E44F89F787}.Release|Any CPU.Build.0 = Release|Any CPU
		{3802562A-E247-4A5B-B1BE-67A97C28964B}.Debug|Any CPU.ActiveCfg = Debug|Any CPU
		{3802562A-E247-4A5B-B1BE-67A97C28964B}.Debug|Any CPU.Build.0 = Debug|Any CPU
		{3802562A-E247-4A5B-B1BE-67A97C28964B}.Release|Any CPU.ActiveCfg = Release|Any CPU
		{3802562A-E247-4A5B-B1BE-67A97C28964B}.Release|Any CPU.Build.0 = Release|Any CPU
	EndGlobalSection
	GlobalSection(SolutionProperties) = preSolution
		HideSolutionNode = FALSE
	EndGlobalSection
	GlobalSection(ExtensibilityGlobals) = postSolution
		SolutionGuid = {2D241DA6-F39D-48E7-A11B-94616EF1C20E}
	EndGlobalSection
EndGlobal
