
Microsoft Visual Studio Solution File, Format Version 12.00
# Visual Studio Version 17
VisualStudioVersion = 17.10.35122.118
MinimumVisualStudioVersion = 10.0.40219.1
Project("{FAE04EC0-301F-11D3-BF4B-00C04F79EFBC}") = "CustomUserControl", "CustomUserControl\CustomUserControl.csproj", "{3802562A-E247-4A5B-B1BE-67A97C28964B}"
EndProject
Project("{FAE04EC0-301F-11D3-BF4B-00C04F79EFBC}") = "RadioButtonGroupLibary", "RadioButtonGroupLibary\RadioButtonGroupLibary.csproj", "{DC22213E-64A6-4582-8292-50DD389B7724}"
EndProject
Project("{FAE04EC0-301F-11D3-BF4B-00C04F79EFBC}") = "CheckBoxGroupLibrary", "CheckBoxGroupLibrary\CheckBoxGroupLibrary.csproj", "{C8379ED3-C7FC-4BFC-9D26-429AFDCA7ADB}"
EndProject
Global
	GlobalSection(SolutionConfigurationPlatforms) = preSolution
		Debug|Any CPU = Debug|Any CPU
		Debug|ARM = Debug|ARM
		Debug|ARM64 = Debug|ARM64
		Debug|x64 = Debug|x64
		Debug|x86 = Debug|x86
		Release|Any CPU = Release|Any CPU
		Release|ARM = Release|ARM
		Release|ARM64 = Release|ARM64
		Release|x64 = Release|x64
		Release|x86 = Release|x86
	EndGlobalSection
	GlobalSection(ProjectConfigurationPlatforms) = postSolution
		{3802562A-E247-4A5B-B1BE-67A97C28964B}.Debug|Any CPU.ActiveCfg = Debug|Any CPU
		{3802562A-E247-4A5B-B1BE-67A97C28964B}.Debug|Any CPU.Build.0 = Debug|Any CPU
		{3802562A-E247-4A5B-B1BE-67A97C28964B}.Debug|ARM.ActiveCfg = Debug|Any CPU
		{3802562A-E247-4A5B-B1BE-67A97C28964B}.Debug|ARM.Build.0 = Debug|Any CPU
		{3802562A-E247-4A5B-B1BE-67A97C28964B}.Debug|ARM64.ActiveCfg = Debug|Any CPU
		{3802562A-E247-4A5B-B1BE-67A97C28964B}.Debug|ARM64.Build.0 = Debug|Any CPU
		{3802562A-E247-4A5B-B1BE-67A97C28964B}.Debug|x64.ActiveCfg = Debug|Any CPU
		{3802562A-E247-4A5B-B1BE-67A97C28964B}.Debug|x64.Build.0 = Debug|Any CPU
		{3802562A-E247-4A5B-B1BE-67A97C28964B}.Debug|x86.ActiveCfg = Debug|Any CPU
		{3802562A-E247-4A5B-B1BE-67A97C28964B}.Debug|x86.Build.0 = Debug|Any CPU
		{3802562A-E247-4A5B-B1BE-67A97C28964B}.Release|Any CPU.ActiveCfg = Release|Any CPU
		{3802562A-E247-4A5B-B1BE-67A97C28964B}.Release|Any CPU.Build.0 = Release|Any CPU
		{3802562A-E247-4A5B-B1BE-67A97C28964B}.Release|ARM.ActiveCfg = Release|Any CPU
		{3802562A-E247-4A5B-B1BE-67A97C28964B}.Release|ARM.Build.0 = Release|Any CPU
		{3802562A-E247-4A5B-B1BE-67A97C28964B}.Release|ARM64.ActiveCfg = Release|Any CPU
		{3802562A-E247-4A5B-B1BE-67A97C28964B}.Release|ARM64.Build.0 = Release|Any CPU
		{3802562A-E247-4A5B-B1BE-67A97C28964B}.Release|x64.ActiveCfg = Release|Any CPU
		{3802562A-E247-4A5B-B1BE-67A97C28964B}.Release|x64.Build.0 = Release|Any CPU
		{3802562A-E247-4A5B-B1BE-67A97C28964B}.Release|x86.ActiveCfg = Release|Any CPU
		{3802562A-E247-4A5B-B1BE-67A97C28964B}.Release|x86.Build.0 = Release|Any CPU
		{DC22213E-64A6-4582-8292-50DD389B7724}.Debug|Any CPU.ActiveCfg = Debug|Any CPU
		{DC22213E-64A6-4582-8292-50DD389B7724}.Debug|Any CPU.Build.0 = Debug|Any CPU
		{DC22213E-64A6-4582-8292-50DD389B7724}.Debug|ARM.ActiveCfg = Debug|Any CPU
		{DC22213E-64A6-4582-8292-50DD389B7724}.Debug|ARM.Build.0 = Debug|Any CPU
		{DC22213E-64A6-4582-8292-50DD389B7724}.Debug|ARM64.ActiveCfg = Debug|Any CPU
		{DC22213E-64A6-4582-8292-50DD389B7724}.Debug|ARM64.Build.0 = Debug|Any CPU
		{DC22213E-64A6-4582-8292-50DD389B7724}.Debug|x64.ActiveCfg = Debug|Any CPU
		{DC22213E-64A6-4582-8292-50DD389B7724}.Debug|x64.Build.0 = Debug|Any CPU
		{DC22213E-64A6-4582-8292-50DD389B7724}.Debug|x86.ActiveCfg = Debug|Any CPU
		{DC22213E-64A6-4582-8292-50DD389B7724}.Debug|x86.Build.0 = Debug|Any CPU
		{DC22213E-64A6-4582-8292-50DD389B7724}.Release|Any CPU.ActiveCfg = Release|Any CPU
		{DC22213E-64A6-4582-8292-50DD389B7724}.Release|Any CPU.Build.0 = Release|Any CPU
		{DC22213E-64A6-4582-8292-50DD389B7724}.Release|ARM.ActiveCfg = Release|Any CPU
		{DC22213E-64A6-4582-8292-50DD389B7724}.Release|ARM.Build.0 = Release|Any CPU
		{DC22213E-64A6-4582-8292-50DD389B7724}.Release|ARM64.ActiveCfg = Release|Any CPU
		{DC22213E-64A6-4582-8292-50DD389B7724}.Release|ARM64.Build.0 = Release|Any CPU
		{DC22213E-64A6-4582-8292-50DD389B7724}.Release|x64.ActiveCfg = Release|Any CPU
		{DC22213E-64A6-4582-8292-50DD389B7724}.Release|x64.Build.0 = Release|Any CPU
		{DC22213E-64A6-4582-8292-50DD389B7724}.Release|x86.ActiveCfg = Release|Any CPU
		{DC22213E-64A6-4582-8292-50DD389B7724}.Release|x86.Build.0 = Release|Any CPU
		{C8379ED3-C7FC-4BFC-9D26-429AFDCA7ADB}.Debug|Any CPU.ActiveCfg = Debug|Any CPU
		{C8379ED3-C7FC-4BFC-9D26-429AFDCA7ADB}.Debug|Any CPU.Build.0 = Debug|Any CPU
		{C8379ED3-C7FC-4BFC-9D26-429AFDCA7ADB}.Debug|ARM.ActiveCfg = Debug|Any CPU
		{C8379ED3-C7FC-4BFC-9D26-429AFDCA7ADB}.Debug|ARM.Build.0 = Debug|Any CPU
		{C8379ED3-C7FC-4BFC-9D26-429AFDCA7ADB}.Debug|ARM64.ActiveCfg = Debug|Any CPU
		{C8379ED3-C7FC-4BFC-9D26-429AFDCA7ADB}.Debug|ARM64.Build.0 = Debug|Any CPU
		{C8379ED3-C7FC-4BFC-9D26-429AFDCA7ADB}.Debug|x64.ActiveCfg = Debug|Any CPU
		{C8379ED3-C7FC-4BFC-9D26-429AFDCA7ADB}.Debug|x64.Build.0 = Debug|Any CPU
		{C8379ED3-C7FC-4BFC-9D26-429AFDCA7ADB}.Debug|x86.ActiveCfg = Debug|Any CPU
		{C8379ED3-C7FC-4BFC-9D26-429AFDCA7ADB}.Debug|x86.Build.0 = Debug|Any CPU
		{C8379ED3-C7FC-4BFC-9D26-429AFDCA7ADB}.Release|Any CPU.ActiveCfg = Release|Any CPU
		{C8379ED3-C7FC-4BFC-9D26-429AFDCA7ADB}.Release|Any CPU.Build.0 = Release|Any CPU
		{C8379ED3-C7FC-4BFC-9D26-429AFDCA7ADB}.Release|ARM.ActiveCfg = Release|Any CPU
		{C8379ED3-C7FC-4BFC-9D26-429AFDCA7ADB}.Release|ARM.Build.0 = Release|Any CPU
		{C8379ED3-C7FC-4BFC-9D26-429AFDCA7ADB}.Release|ARM64.ActiveCfg = Release|Any CPU
		{C8379ED3-C7FC-4BFC-9D26-429AFDCA7ADB}.Release|ARM64.Build.0 = Release|Any CPU
		{C8379ED3-C7FC-4BFC-9D26-429AFDCA7ADB}.Release|x64.ActiveCfg = Release|Any CPU
		{C8379ED3-C7FC-4BFC-9D26-429AFDCA7ADB}.Release|x64.Build.0 = Release|Any CPU
		{C8379ED3-C7FC-4BFC-9D26-429AFDCA7ADB}.Release|x86.ActiveCfg = Release|Any CPU
		{C8379ED3-C7FC-4BFC-9D26-429AFDCA7ADB}.Release|x86.Build.0 = Release|Any CPU
	EndGlobalSection
	GlobalSection(SolutionProperties) = preSolution
		HideSolutionNode = FALSE
	EndGlobalSection
	GlobalSection(ExtensibilityGlobals) = postSolution
		SolutionGuid = {2D241DA6-F39D-48E7-A11B-94616EF1C20E}
	EndGlobalSection
EndGlobal
